github.com/antosmichael07/Go-Logger v1.7.0 h1:PS7alsa/mMifxrhZhx4+dqZgswfOGeOmqZv74YBCnk0=
github.com/antosmichael07/Go-Logger v1.7.0/go.mod h1:v+v085J0A+Cdi76SanfvKA10216jy45azC6VM+sh16Q=
github.com/antosmichael07/Go-Logger v1.8.0 h1:YN7s127C8DdX4Ann0vzuUEZcB828oPHMuv733SLiDfw=
github.com/antosmichael07/Go-Logger v1.8.0/go.mod h1:v+v085J0A+Cdi76SanfvKA10216jy45azC6VM+sh16Q=
github.com/antosmichael07/Go-Logger v1.9.0 h1:BGz2LYzjg1URTbrJBQtQSmWvqBjBeu22H2hgWjFT71o=
github.com/antosmichael07/Go-Logger v1.9.0/go.mod h1:v+v085J0A+Cdi76SanfvKA10216jy45azC6VM+sh16Q=
github.com/antosmichael07/Go-Logger v1.11.0 h1:j2cxmlX+Z+oR50VfMhfSlGxiKlbAIYQ+xfjy2GcL2n0=
github.com/antosmichael07/Go-Logger v1.11.0/go.mod h1:v+v085J0A+Cdi76SanfvKA10216jy45azC6VM+sh16Q=
github.com/antosmichael07/Go-Logger v1.12.0 h1:Immw4VJpA1BD62XgQ96Qd4rPSUeb8CC8W66zlPsHIHw=
github.com/antosmichael07/Go-Logger v1.12.0/go.mod h1:v+v085J0A+Cdi76SanfvKA10216jy45azC6VM+sh16Q=
github.com/antosmichael07/Go-TCP-Connection v1.0.0 h1:+TiL9E/UdCNJ6gR3aHbNbHTpbIj469o8XCTJnhwIpRc=
github.com/antosmichael07/Go-TCP-Connection v1.0.0/go.mod h1:O+ilmdT2ad5H0wpvUnpwzlfFJCTnNV6LNIL0zlI+YPg=
github.com/antosmichael07/Go-TCP-Connection v1.3.0 h1:zd9GRy5u46SHqQ9Nmcq9dXxX38GgH9h3B4NWo9/qaHY=
github.com/antosmichael07/Go-TCP-Connection v1.3.0/go.mod h1:O+ilmdT2ad5H0wpvUnpwzlfFJCTnNV6LNIL0zlI+YPg=
github.com/antosmichael07/Go-TCP-Connection v1.4.0 h1:tJ4diEw8zItRfNnYI1zN7SyURIaZ8IBe9Zl3Y2wwqww=
github.com/antosmichael07/Go-TCP-Connection v1.4.0/go.mod h1:Ye46T8yd50wgUrAw1/EZiitB2ZTLIoRdRmWroTvX92A=
github.com/antosmichael07/Go-TCP-Connection v1.5.0 h1:Ygc/VsKUG999Wc6J5mtYeAl4kKsScynQo/UWM8FVb0I=
github.com/antosmichael07/Go-TCP-Connection v1.5.0/go.mod h1:tPedlXfO5h3PYukp9x7QLXjH0kzJBR/YNiy/0xuc+XQ=
github.com/antosmichael07/Go-TCP-Connection v1.6.0 h1:heRsorF2phcTH+8WrP3HcFjww44wzT4ZKeGxPFzeFxA=
github.com/antosmichael07/Go-TCP-Connection v1.6.0/go.mod h1:/liCZIqiFDzRhKLIFVbG5ikB/HiXZIy5uWRJCCofx74=
github.com/antosmichael07/Go-TCP-Connection v1.7.0 h1:mHwObzWZEpF8lCAaE1JSULfp1p0xRabJg6fAasaJ/kw=
github.com/antosmichael07/Go-TCP-Connection v1.7.0/go.mod h1:/liCZIqiFDzRhKLIFVbG5ikB/HiXZIy5uWRJCCofx74=
