github.com/antosmichael07/Go-Logger v1.13.0 h1:xuP3RLEoF65w3lhWwcnGGu/R1vqo3sjYoBBsqDxpqi4=
github.com/antosmichael07/Go-Logger v1.13.0/go.mod h1:v+v085J0A+Cdi76SanfvKA10216jy45azC6VM+sh16Q=
github.com/antosmichael07/Go-TCP-Connection v1.23.0 h1:3gknTMzsZ4kDK5QJIn79yG+st4UNxvtzWLf+7cLTRMw=
github.com/antosmichael07/Go-TCP-Connection v1.23.0/go.mod h1:Qz6ExQkdgnIF8awpnW9ZOGzCr7tBpA32SZN8MxGFo1A=
