github.com/antosmichael07/Go-Logger v1.13.0 h1:xuP3RLEoF65w3lhWwcnGGu/R1vqo3sjYoBBsqDxpqi4=
github.com/antosmichael07/Go-Logger v1.13.0/go.mod h1:v+v085J0A+Cdi76SanfvKA10216jy45azC6VM+sh16Q=
github.com/antosmichael07/Go-TCP-Connection v1.10.0 h1:ksXVuEW0wPYSFpioUDdUJpDA20t2POKsv8Z3By4aHHY=
github.com/antosmichael07/Go-TCP-Connection v1.10.0/go.mod h1:Qz6ExQkdgnIF8awpnW9ZOGzCr7tBpA32SZN8MxGFo1A=
github.com/antosmichael07/Go-TCP-Connection v1.11.0 h1:LPyfXgZwzSra8Vca/Mjuf0qQ4wCrgSR+3nEpxF6K4Vw=
github.com/antosmichael07/Go-TCP-Connection v1.11.0/go.mod h1:Qz6ExQkdgnIF8awpnW9ZOGzCr7tBpA32SZN8MxGFo1A=
github.com/antosmichael07/Go-TCP-Connection v1.12.0 h1:TNd5ZNl/f4i0bNuIVktXyDNzwWWItMXdNLjWkpBMsko=
github.com/antosmichael07/Go-TCP-Connection v1.12.0/go.mod h1:Qz6ExQkdgnIF8awpnW9ZOGzCr7tBpA32SZN8MxGFo1A=
github.com/antosmichael07/Go-TCP-Connection v1.13.0 h1:0Jr3yh4U3LH9XXHpW1yjHcjvlHcX+YtCe8BzQw/0tvw=
github.com/antosmichael07/Go-TCP-Connection v1.13.0/go.mod h1:Qz6ExQkdgnIF8awpnW9ZOGzCr7tBpA32SZN8MxGFo1A=
github.com/antosmichael07/Go-TCP-Connection v1.14.0 h1:EFXqMzz8R8fsqHVvJ9c9x30ae3hGxosM3jO7ADKZCgs=
github.com/antosmichael07/Go-TCP-Connection v1.14.0/go.mod h1:Qz6ExQkdgnIF8awpnW9ZOGzCr7tBpA32SZN8MxGFo1A=
github.com/antosmichael07/Go-TCP-Connection v1.15.0 h1:wAjw+rOsQD+qhTt3HI8HCZyGKWe3jMtKbJkMHvy4uJM=
github.com/antosmichael07/Go-TCP-Connection v1.15.0/go.mod h1:Qz6ExQkdgnIF8awpnW9ZOGzCr7tBpA32SZN8MxGFo1A=
github.com/antosmichael07/Go-TCP-Connection v1.16.0 h1:TpPnQ951a3/VBcq5YRyGl4tnvUktdjrKZ0aLUrVVo1w=
github.com/antosmichael07/Go-TCP-Connection v1.16.0/go.mod h1:Qz6ExQkdgnIF8awpnW9ZOGzCr7tBpA32SZN8MxGFo1A=
github.com/antosmichael07/Go-TCP-Connection v1.16.1 h1:I4dM2GZ/EItj9c6cPqDhO3CV5Oz6ckg5fhge975PBBo=
github.com/antosmichael07/Go-TCP-Connection v1.16.1/go.mod h1:Qz6ExQkdgnIF8awpnW9ZOGzCr7tBpA32SZN8MxGFo1A=
github.com/antosmichael07/Go-TCP-Connection v1.16.2 h1:jfmj5XRXFd94wWK/Az/LcSUlxNB1J36YIp/mHsH3Y0k=
github.com/antosmichael07/Go-TCP-Connection v1.16.2/go.mod h1:Qz6ExQkdgnIF8awpnW9ZOGzCr7tBpA32SZN8MxGFo1A=
github.com/antosmichael07/Go-TCP-Connection v1.16.3 h1:bRG+I1NJOstlJ1a2TZsdpMLO/giDXERcBuGkghqXJlg=
github.com/antosmichael07/Go-TCP-Connection v1.16.3/go.mod h1:Qz6ExQkdgnIF8awpnW9ZOGzCr7tBpA32SZN8MxGFo1A=
github.com/antosmichael07/Go-TCP-Connection v1.16.4 h1:M8lsBYoXPjzSGRkIzJu0i1DPClARDi5gBd7sXdlG6BY=
github.com/antosmichael07/Go-TCP-Connection v1.16.4/go.mod h1:Qz6ExQkdgnIF8awpnW9ZOGzCr7tBpA32SZN8MxGFo1A=
github.com/antosmichael07/Go-TCP-Connection v1.16.5 h1:Z0ygzqRgtzgFNMyqFo0rGTbYDFcW1+46K2z9hyVIU7k=
github.com/antosmichael07/Go-TCP-Connection v1.16.5/go.mod h1:Qz6ExQkdgnIF8awpnW9ZOGzCr7tBpA32SZN8MxGFo1A=
github.com/antosmichael07/Go-TCP-Connection v1.16.6 h1:ExryOjMZlrRRXW88FYbzszi+upkvsL5ehLNheSJYeaM=
github.com/antosmichael07/Go-TCP-Connection v1.16.6/go.mod h1:Qz6ExQkdgnIF8awpnW9ZOGzCr7tBpA32SZN8MxGFo1A=
github.com/antosmichael07/Go-TCP-Connection v1.17.0 h1:FxSyohvKH4QoamWsn/uG6QeQLCTu/1ojyG8VqMmqc98=
github.com/antosmichael07/Go-TCP-Connection v1.17.0/go.mod h1:Qz6ExQkdgnIF8awpnW9ZOGzCr7tBpA32SZN8MxGFo1A=
github.com/antosmichael07/Go-TCP-Connection v1.18.0 h1:Y6kFa9D/KvSlMNR0Mva5g8GshPQL31mP/SOEe4a0FGk=
github.com/antosmichael07/Go-TCP-Connection v1.18.0/go.mod h1:Qz6ExQkdgnIF8awpnW9ZOGzCr7tBpA32SZN8MxGFo1A=
github.com/antosmichael07/Go-TCP-Connection v1.19.0 h1:SwBnGbBGIXRAV78croPdotLMN/dxFfLLN17qna6Mjfo=
github.com/antosmichael07/Go-TCP-Connection v1.19.0/go.mod h1:Qz6ExQkdgnIF8awpnW9ZOGzCr7tBpA32SZN8MxGFo1A=
github.com/antosmichael07/Go-TCP-Connection v1.20.0 h1:L5dn+ndgdh43ciiKe008dL3ha9kkGMpSJ74YFwYGdpo=
github.com/antosmichael07/Go-TCP-Connection v1.20.0/go.mod h1:Qz6ExQkdgnIF8awpnW9ZOGzCr7tBpA32SZN8MxGFo1A=
github.com/antosmichael07/Go-TCP-Connection v1.22.0 h1:9viYRhBYhro9zrD7INgQ039g1j87E/jQaocknGN1IoI=
github.com/antosmichael07/Go-TCP-Connection v1.22.0/go.mod h1:Qz6ExQkdgnIF8awpnW9ZOGzCr7tBpA32SZN8MxGFo1A=
github.com/antosmichael07/Go-TCP-Connection v1.23.0 h1:3gknTMzsZ4kDK5QJIn79yG+st4UNxvtzWLf+7cLTRMw=
github.com/antosmichael07/Go-TCP-Connection v1.23.0/go.mod h1:Qz6ExQkdgnIF8awpnW9ZOGzCr7tBpA32SZN8MxGFo1A=
